{
  "pins" : [
    {
      "identity" : "dylibruntimeloader",
      "kind" : "remoteSourceControl",
      "location" : "https://github.com/duyquang91/dylibruntimeloader",
      "state" : {
        "revision" : "b2ed6b0bcce3491d1531067ecf380f1ade782447",
        "version" : "1.0.0"
      }
    },
    {
      "identity" : "iqkeyboardmanager",
      "kind" : "remoteSourceControl",
      "location" : "git@github.com:hackiftekhar/IQKeyboardManager.git",
      "state" : {
        "revision" : "ea08e08958890043019d248065fe3d825f338087",
        "version" : "6.5.12"
      }
    }
  ],
  "version" : 2
}
